Microsoft Visual Studio Solution File, Format Version 11.00
# Visual Studio 2010
Project("{F184B08F-C81C-45F6-A57F-5ABD9991F28F}") = "RichEditTransparentSL", "RichEditTransparentSL\RichEditTransparentSL.vbproj", "{DB455E91-4B36-460A-9EBF-72D98D33D00E}"
EndProject
Project("{E24C65DC-7377-472B-9ABA-BC803B73C61A}") = "RichEditTransparentSL.Web", "RichEditTransparentSL.Web", "{C76936EF-3A1D-4A09-812C-BA1AD8B9B4E7}"
	ProjectSection(WebsiteProperties) = preProject
		TargetFrameworkMoniker = ".NETFramework,Version%3Dv4.0"
		Debug.AspNetCompiler.VirtualPath = "/RichEditTransparentSL.Web"
		Debug.AspNetCompiler.PhysicalPath = "RichEditTransparentSL.Web\"
		Debug.AspNetCompiler.TargetPath = "PrecompiledWeb\RichEditTransparentSL.Web\"
		Debug.AspNetCompiler.Updateable = "true"
		Debug.AspNetCompiler.ForceOverwrite = "true"
		Debug.AspNetCompiler.FixedNames = "false"
		Debug.AspNetCompiler.Debug = "True"
		Release.AspNetCompiler.VirtualPath = "/RichEditTransparentSL.Web"
		Release.AspNetCompiler.PhysicalPath = "RichEditTransparentSL.Web\"
		Release.AspNetCompiler.TargetPath = "PrecompiledWeb\RichEditTransparentSL.Web\"
		Release.AspNetCompiler.Updateable = "true"
		Release.AspNetCompiler.ForceOverwrite = "true"
		Release.AspNetCompiler.FixedNames = "false"
		Release.AspNetCompiler.Debug = "False"
		VWDPort = "3407"
		ProjOutputReferences = "{DB455E91-4B36-460A-9EBF-72D98D33D00E}|ClientBin|false;"
	EndProjectSection
EndProject
Global
	GlobalSection(SolutionConfigurationPlatforms) = preSolution
		Debug|Any CPU = Debug|Any CPU
		Release|Any CPU = Release|Any CPU
	EndGlobalSection
	GlobalSection(ProjectConfigurationPlatforms) = postSolution
		{DB455E91-4B36-460A-9EBF-72D98D33D00E}.Debug|Any CPU.ActiveCfg = Debug|Any CPU
		{DB455E91-4B36-460A-9EBF-72D98D33D00E}.Debug|Any CPU.Build.0 = Debug|Any CPU
		{DB455E91-4B36-460A-9EBF-72D98D33D00E}.Release|Any CPU.ActiveCfg = Release|Any CPU
		{DB455E91-4B36-460A-9EBF-72D98D33D00E}.Release|Any CPU.Build.0 = Release|Any CPU
		{C76936EF-3A1D-4A09-812C-BA1AD8B9B4E7}.Debug|Any CPU.ActiveCfg = Debug|Any CPU
		{C76936EF-3A1D-4A09-812C-BA1AD8B9B4E7}.Debug|Any CPU.Build.0 = Debug|Any CPU
		{C76936EF-3A1D-4A09-812C-BA1AD8B9B4E7}.Release|Any CPU.ActiveCfg = Debug|Any CPU
		{C76936EF-3A1D-4A09-812C-BA1AD8B9B4E7}.Release|Any CPU.Build.0 = Debug|Any CPU
	EndGlobalSection
	GlobalSection(SolutionProperties) = preSolution
		HideSolutionNode = FALSE
	EndGlobalSection
EndGlobal
